
Microsoft Visual Studio Solution File, Format Version 12.00
# Visual Studio Version 17
VisualStudioVersion = 17.0.32014.148
MinimumVisualStudioVersion = 10.0.40219.1
Project("{FAE04EC0-301F-11D3-BF4B-00C04F79EFBC}") = "Course", "Course\Course.csproj", "{11A25DFE-C202-48BB-B447-1EDFD2B56825}"
EndProject
Global
	GlobalSection(SolutionConfigurationPlatforms) = preSolution
		Debug|Any CPU = Debug|Any CPU
		Release|Any CPU = Release|Any CPU
	EndGlobalSection
	GlobalSection(ProjectConfigurationPlatforms) = postSolution
		{11A25DFE-C202-48BB-B447-1EDFD2B56825}.Debug|Any CPU.ActiveCfg = Debug|Any CPU
		{11A25DFE-C202-48BB-B447-1EDFD2B56825}.Debug|Any CPU.Build.0 = Debug|Any CPU
		{11A25DFE-C202-48BB-B447-1EDFD2B56825}.Release|Any CPU.ActiveCfg = Release|Any CPU
		{11A25DFE-C202-48BB-B447-1EDFD2B56825}.Release|Any CPU.Build.0 = Release|Any CPU
	EndGlobalSection
	GlobalSection(SolutionProperties) = preSolution
		HideSolutionNode = FALSE
	EndGlobalSection
	GlobalSection(ExtensibilityGlobals) = postSolution
		SolutionGuid = {885D5242-E6FD-4217-A059-DEF19856D132}
	EndGlobalSection
EndGlobal
